{
  "name": "@spfxappdev/logger",
  "version": "1.0.0",
  "lockfileVersion": 1,
  "requires": true,
  "dependencies": {
    "@spfxappdev/utility": {
      "version": "1.0.0",
      "resolved": "https://registry.npmjs.org/@spfxappdev/utility/-/utility-1.0.0.tgz",
      "integrity": "sha512-l8r2pFnPve0HsjfSOL+2Cur47sT4drvBQ9VoL3mHYZ6vVJPDe92ijwHzRs3vhGCFxeK2Qxxl8DFFSnHviI+rjw==",
      "dev": true
    },
    "typescript": {
      "version": "4.3.5",
      "resolved": "https://registry.npmjs.org/typescript/-/typescript-4.3.5.tgz",
      "integrity": "sha512-DqQgihaQ9cUrskJo9kIyW/+g0Vxsk8cDtZ52a3NGh0YNTfpUSArXSohyUGnvbPazEPLu398C0UxmKSOrPumUzA==",
      "dev": true
    }
  }
}
